
Microsoft Visual Studio Solution File, Format Version 12.00
# Visual Studio Version 17
VisualStudioVersion = 17.7.34031.279
MinimumVisualStudioVersion = 16.0.0.0
Project("{9A19103F-16F7-4668-BE54-9A1E7A4F7556}") = "ArchECSStride.Windows", "ArchECSStride.Windows\ArchECSStride.Windows.csproj", "{6590A0C0-5F7E-4965-B453-A3C1487036A5}"
EndProject
Project("{9A19103F-16F7-4668-BE54-9A1E7A4F7556}") = "ArchECSStride", "ArchECSStride\ArchECSStride.csproj", "{DC01CC0A-B8B2-4501-A8B2-F0165E978C0D}"
EndProject
Global
	GlobalSection(SolutionConfigurationPlatforms) = preSolution
		Debug|Any CPU = Debug|Any CPU
		Release|Any CPU = Release|Any CPU
	EndGlobalSection
	GlobalSection(ProjectConfigurationPlatforms) = postSolution
		{6590A0C0-5F7E-4965-B453-A3C1487036A5}.Debug|Any CPU.ActiveCfg = Debug|Any CPU
		{6590A0C0-5F7E-4965-B453-A3C1487036A5}.Debug|Any CPU.Build.0 = Debug|Any CPU
		{6590A0C0-5F7E-4965-B453-A3C1487036A5}.Release|Any CPU.ActiveCfg = Release|Any CPU
		{6590A0C0-5F7E-4965-B453-A3C1487036A5}.Release|Any CPU.Build.0 = Release|Any CPU
		{DC01CC0A-B8B2-4501-A8B2-F0165E978C0D}.Debug|Any CPU.ActiveCfg = Debug|Any CPU
		{DC01CC0A-B8B2-4501-A8B2-F0165E978C0D}.Debug|Any CPU.Build.0 = Debug|Any CPU
		{DC01CC0A-B8B2-4501-A8B2-F0165E978C0D}.Release|Any CPU.ActiveCfg = Release|Any CPU
		{DC01CC0A-B8B2-4501-A8B2-F0165E978C0D}.Release|Any CPU.Build.0 = Release|Any CPU
	EndGlobalSection
	GlobalSection(SolutionProperties) = preSolution
		HideSolutionNode = FALSE
	EndGlobalSection
	GlobalSection(ExtensibilityGlobals) = postSolution
		SolutionGuid = {46D4B5D8-7186-4C50-BAF4-3DC46D38C0FF}
	EndGlobalSection
EndGlobal
